# This file is generated by running "yarn install" inside your project.
# Manual changes might be lost - proceed with caution!

__metadata:
  version: 8
  cacheKey: 10c0

"@cordisjs/plugin-server@npm:^0.2.9":
  version: 0.2.9
  resolution: "@cordisjs/plugin-server@npm:0.2.9"
  dependencies:
    "@koa/router": "npm:^10.1.1"
    "@types/koa": "npm:^2"
    "@types/koa__router": "npm:^8"
    "@types/ws": "npm:^8.5.10"
    cosmokit: "npm:^1.8.1"
    koa: "npm:^2.15.2"
    koa-body: "npm:^6.0.1"
    parseurl: "npm:^1.3.3"
    path-to-regexp: "npm:^6.3.0"
    reggol: "npm:^1.7.1"
    schemastery: "npm:^3.17.2"
    ws: "npm:^8.16.0"
  peerDependencies:
    cordis: ^3.18.1
  checksum: 10c0/72d0c143c0acc8de17d9c525a3a47b333fe6bedbb645595485d93756708852cbfede7bca7281cebb6cdb1fa45556d37aa66936c87a5b268575fb42caeb3cdfc3
  languageName: node
  linkType: hard

"@hapi/bourne@npm:^3.0.0":
  version: 3.0.0
  resolution: "@hapi/bourne@npm:3.0.0"
  checksum: 10c0/2e2df62f6bc6f32b980ba5bbdc09200c93c55c8306399ec0f2781da088a82aab699498c89fe94fec4acf770210f9aee28c75bfc2f04044849ac01b034134e717
  languageName: node
  linkType: hard

"@koa/router@npm:^10.1.1":
  version: 10.1.1
  resolution: "@koa/router@npm:10.1.1"
  dependencies:
    debug: "npm:^4.1.1"
    http-errors: "npm:^1.7.3"
    koa-compose: "npm:^4.1.0"
    methods: "npm:^1.1.2"
    path-to-regexp: "npm:^6.1.0"
  checksum: 10c0/a34a742df2b8b8640b21dca3b119303bd931d0ca29b6fc7375f5eb2a69636d88814b7ff5a9f94b0c63d9ae41fd5997fc5f31b8e431684cd92e84e3e9c1b45b51
  languageName: node
  linkType: hard

"@koishijs/plugin-adapter-onebot@npm:^6.0.2":
  version: 6.0.2
  resolution: "@koishijs/plugin-adapter-onebot@npm:6.0.2"
  dependencies:
    "@satorijs/adapter-onebot": "npm:^6.0.2"
  peerDependencies:
    koishi: ^4.14.6
  checksum: 10c0/70993d6f581d4122b4fe77342e695c4f57deaf492b2e3c63e9670907b87a455fe1ce5193153ef0719a317758e807e9797a919d4444110c943273d2c162cfc494
  languageName: node
  linkType: hard

"@koishijs/plugin-server@npm:^3.2.3":
  version: 3.2.9
  resolution: "@koishijs/plugin-server@npm:3.2.9"
  dependencies:
    "@cordisjs/plugin-server": "npm:^0.2.9"
  peerDependencies:
    koishi: ^4.18.11
  checksum: 10c0/9eaa26fe393bc02df9176f0b1020c38d44348dcd95aed15f72a66b52cbe40823e57b61d9ad142235a9359584b8216c99c9ec9bf54ad2d245b36e4b6d775df9e2
  languageName: node
  linkType: hard

"@napi-rs/canvas-android-arm64@npm:0.1.97":
  version: 0.1.97
  resolution: "@napi-rs/canvas-android-arm64@npm:0.1.97"
  conditions: os=android & cpu=arm64
  languageName: node
  linkType: hard

"@napi-rs/canvas-darwin-arm64@npm:0.1.97":
  version: 0.1.97
  resolution: "@napi-rs/canvas-darwin-arm64@npm:0.1.97"
  conditions: os=darwin & cpu=arm64
  languageName: node
  linkType: hard

"@napi-rs/canvas-darwin-x64@npm:0.1.97":
  version: 0.1.97
  resolution: "@napi-rs/canvas-darwin-x64@npm:0.1.97"
  conditions: os=darwin & cpu=x64
  languageName: node
  linkType: hard

"@napi-rs/canvas-linux-arm-gnueabihf@npm:0.1.97":
  version: 0.1.97
  resolution: "@napi-rs/canvas-linux-arm-gnueabihf@npm:0.1.97"
  conditions: os=linux & cpu=arm
  languageName: node
  linkType: hard

"@napi-rs/canvas-linux-arm64-gnu@npm:0.1.97":
  version: 0.1.97
  resolution: "@napi-rs/canvas-linux-arm64-gnu@npm:0.1.97"
  conditions: os=linux & cpu=arm64 & libc=glibc
  languageName: node
  linkType: hard

"@napi-rs/canvas-linux-arm64-musl@npm:0.1.97":
  version: 0.1.97
  resolution: "@napi-rs/canvas-linux-arm64-musl@npm:0.1.97"
  conditions: os=linux & cpu=arm64 & libc=musl
  languageName: node
  linkType: hard

"@napi-rs/canvas-linux-riscv64-gnu@npm:0.1.97":
  version: 0.1.97
  resolution: "@napi-rs/canvas-linux-riscv64-gnu@npm:0.1.97"
  conditions: os=linux & cpu=riscv64 & libc=glibc
  languageName: node
  linkType: hard

"@napi-rs/canvas-linux-x64-gnu@npm:0.1.97":
  version: 0.1.97
  resolution: "@napi-rs/canvas-linux-x64-gnu@npm:0.1.97"
  conditions: os=linux & cpu=x64 & libc=glibc
  languageName: node
  linkType: hard

"@napi-rs/canvas-linux-x64-musl@npm:0.1.97":
  version: 0.1.97
  resolution: "@napi-rs/canvas-linux-x64-musl@npm:0.1.97"
  conditions: os=linux & cpu=x64 & libc=musl
  languageName: node
  linkType: hard

"@napi-rs/canvas-win32-arm64-msvc@npm:0.1.97":
  version: 0.1.97
  resolution: "@napi-rs/canvas-win32-arm64-msvc@npm:0.1.97"
  conditions: os=win32 & cpu=arm64
  languageName: node
  linkType: hard

"@napi-rs/canvas-win32-x64-msvc@npm:0.1.97":
  version: 0.1.97
  resolution: "@napi-rs/canvas-win32-x64-msvc@npm:0.1.97"
  conditions: os=win32 & cpu=x64
  languageName: node
  linkType: hard

"@napi-rs/canvas@npm:^0.1.65":
  version: 0.1.97
  resolution: "@napi-rs/canvas@npm:0.1.97"
  dependencies:
    "@napi-rs/canvas-android-arm64": "npm:0.1.97"
    "@napi-rs/canvas-darwin-arm64": "npm:0.1.97"
    "@napi-rs/canvas-darwin-x64": "npm:0.1.97"
    "@napi-rs/canvas-linux-arm-gnueabihf": "npm:0.1.97"
    "@napi-rs/canvas-linux-arm64-gnu": "npm:0.1.97"
    "@napi-rs/canvas-linux-arm64-musl": "npm:0.1.97"
    "@napi-rs/canvas-linux-riscv64-gnu": "npm:0.1.97"
    "@napi-rs/canvas-linux-x64-gnu": "npm:0.1.97"
    "@napi-rs/canvas-linux-x64-musl": "npm:0.1.97"
    "@napi-rs/canvas-win32-arm64-msvc": "npm:0.1.97"
    "@napi-rs/canvas-win32-x64-msvc": "npm:0.1.97"
  dependenciesMeta:
    "@napi-rs/canvas-android-arm64":
      optional: true
    "@napi-rs/canvas-darwin-arm64":
      optional: true
    "@napi-rs/canvas-darwin-x64":
      optional: true
    "@napi-rs/canvas-linux-arm-gnueabihf":
      optional: true
    "@napi-rs/canvas-linux-arm64-gnu":
      optional: true
    "@napi-rs/canvas-linux-arm64-musl":
      optional: true
    "@napi-rs/canvas-linux-riscv64-gnu":
      optional: true
    "@napi-rs/canvas-linux-x64-gnu":
      optional: true
    "@napi-rs/canvas-linux-x64-musl":
      optional: true
    "@napi-rs/canvas-win32-arm64-msvc":
      optional: true
    "@napi-rs/canvas-win32-x64-msvc":
      optional: true
  checksum: 10c0/e201c7c547a1d882becd41943c0e0a09f7cd9a1cd1bce0d2b1442d2a1032b44585b1687a2d44068974a35dbcae9a62f1ae1057d460fe8e9485c3b1b1ea19e891
  languageName: node
  linkType: hard

"@noble/hashes@npm:^1.1.5":
  version: 1.8.0
  resolution: "@noble/hashes@npm:1.8.0"
  checksum: 10c0/06a0b52c81a6fa7f04d67762e08b2c476a00285858150caeaaff4037356dd5e119f45b2a530f638b77a5eeca013168ec1b655db41bae3236cb2e9d511484fc77
  languageName: node
  linkType: hard

"@paralleldrive/cuid2@npm:^2.2.2":
  version: 2.3.1
  resolution: "@paralleldrive/cuid2@npm:2.3.1"
  dependencies:
    "@noble/hashes": "npm:^1.1.5"
  checksum: 10c0/6576b73de49d826b0f33cbab88424dec1f6fa454a9e59a7b621f78c2cfdd2e59d7f48175826d698940a717f45eeb5e87a508583a7316e608f6a05a861a40c129
  languageName: node
  linkType: hard

"@satorijs/adapter-onebot@npm:^6.0.2":
  version: 6.0.2
  resolution: "@satorijs/adapter-onebot@npm:6.0.2"
  dependencies:
    qface: "npm:^1.4.1"
  peerDependencies:
    "@satorijs/satori": ^3.0.0-rc.0
  checksum: 10c0/9936eb68f637b8bf020fc99a7545641cd942e89f433b0c14920a2606b1e79a0b75cd485f88e01d09a534ae0e0a9ce5f9445d9a8302f8d453b0aa11d42cdfa687
  languageName: node
  linkType: hard

"@standard-schema/spec@npm:^1.1.0":
  version: 1.1.0
  resolution: "@standard-schema/spec@npm:1.1.0"
  checksum: 10c0/d90f55acde4b2deb983529c87e8025fa693de1a5e8b49ecc6eb84d1fd96328add0e03d7d551442156c7432fd78165b2c26ff561b970a9a881f046abb78d6a526
  languageName: node
  linkType: hard

"@types/accepts@npm:*":
  version: 1.3.7
  resolution: "@types/accepts@npm:1.3.7"
  dependencies:
    "@types/node": "npm:*"
  checksum: 10c0/7b21efc78b98ed57063ac31588f871f11501c080cd1201ca3743cf02ee0aee74bdb5a634183bc0987dc8dc582b26316789fd203650319ccc89a66cf88311d64f
  languageName: node
  linkType: hard

"@types/body-parser@npm:*":
  version: 1.19.6
  resolution: "@types/body-parser@npm:1.19.6"
  dependencies:
    "@types/connect": "npm:*"
    "@types/node": "npm:*"
  checksum: 10c0/542da05c924dce58ee23f50a8b981fee36921850c82222e384931fda3e106f750f7880c47be665217d72dbe445129049db6eb1f44e7a06b09d62af8f3cca8ea7
  languageName: node
  linkType: hard

"@types/co-body@npm:^6.1.0":
  version: 6.1.3
  resolution: "@types/co-body@npm:6.1.3"
  dependencies:
    "@types/node": "npm:*"
    "@types/qs": "npm:*"
  checksum: 10c0/3a716829b7c8fa5b3d18bc47b98756d60b2ebc302ec90601e1ac1aed34bcc1f7ee88f379b2531837a42902d14362bfa29c9ddc2a39bbc8030afc26d66e671b0d
  languageName: node
  linkType: hard

"@types/connect@npm:*":
  version: 3.4.38
  resolution: "@types/connect@npm:3.4.38"
  dependencies:
    "@types/node": "npm:*"
  checksum: 10c0/2e1cdba2c410f25649e77856505cd60223250fa12dff7a503e492208dbfdd25f62859918f28aba95315251fd1f5e1ffbfca1e25e73037189ab85dd3f8d0a148c
  languageName: node
  linkType: hard

"@types/content-disposition@npm:*":
  version: 0.5.9
  resolution: "@types/content-disposition@npm:0.5.9"
  checksum: 10c0/9fd520dae1a9c7b85909e59f548f905a670a6e2f83642f9734d1b05126f64ac8c8e2c282a663edf27d58bc34fbbacf46a4d4a95d3802b42106174a19a68175c8
  languageName: node
  linkType: hard

"@types/cookies@npm:*":
  version: 0.9.2
  resolution: "@types/cookies@npm:0.9.2"
  dependencies:
    "@types/connect": "npm:*"
    "@types/express": "npm:*"
    "@types/keygrip": "npm:*"
    "@types/node": "npm:*"
  checksum: 10c0/75f00c83d50998b610d4fe2ddb2544fde7eb6dc683f5e68831a4ecb458b465260b8e2df4e369880a67c5b946558322c4627403781eb076ff72ca16c7ab8c47dd
  languageName: node
  linkType: hard

"@types/express-serve-static-core@npm:^5.0.0":
  version: 5.1.1
  resolution: "@types/express-serve-static-core@npm:5.1.1"
  dependencies:
    "@types/node": "npm:*"
    "@types/qs": "npm:*"
    "@types/range-parser": "npm:*"
    "@types/send": "npm:*"
  checksum: 10c0/ee88216e114368ef06bcafeceb74a7e8671b90900fb0ab1d49ff41542c3a344231ef0d922bf63daa79f0585f3eebe2ce5ec7f83facc581eff8bcdb136a225ef3
  languageName: node
  linkType: hard

"@types/express@npm:*":
  version: 5.0.6
  resolution: "@types/express@npm:5.0.6"
  dependencies:
    "@types/body-parser": "npm:*"
    "@types/express-serve-static-core": "npm:^5.0.0"
    "@types/serve-static": "npm:^2"
  checksum: 10c0/f1071e3389a955d4f9a38aae38634121c7cd9b3171ba4201ec9b56bd534aba07866839d278adc0dda05b942b05a901a02fd174201c3b1f70ce22b10b6c68f24b
  languageName: node
  linkType: hard

"@types/formidable@npm:^2.0.5":
  version: 2.0.6
  resolution: "@types/formidable@npm:2.0.6"
  dependencies:
    "@types/node": "npm:*"
  checksum: 10c0/2816718c407e9adf2337ca69241e29097f5e0b22f3d0a3dde1ea23a2eef2ad41ad19612a6eac895492bd746593d87278f9732b4cb354dd72df3c03e8c1ad72c3
  languageName: node
  linkType: hard

"@types/http-assert@npm:*":
  version: 1.5.6
  resolution: "@types/http-assert@npm:1.5.6"
  checksum: 10c0/62d536440a5e09f4b7968112f4b235212407937033de800993f95b6f140181b4b2ad6075b73094e7ca0ccf7d9c80d68b93ca53fb1af196cc6d0257f3a4c3d5ba
  languageName: node
  linkType: hard

"@types/http-errors@npm:*":
  version: 2.0.5
  resolution: "@types/http-errors@npm:2.0.5"
  checksum: 10c0/00f8140fbc504f47356512bd88e1910c2f07e04233d99c88c854b3600ce0523c8cd0ba7d1897667243282eb44c59abb9245959e2428b9de004f93937f52f7c15
  languageName: node
  linkType: hard

"@types/keygrip@npm:*":
  version: 1.0.6
  resolution: "@types/keygrip@npm:1.0.6"
  checksum: 10c0/1045a79913259f539ac1d04384ea8f61cf29f1d299040eb4b67d92304ec3bcea59b7e4b83cf95a73aa251ff62e55924e380d0c563a21fe8f6e91de20cc610386
  languageName: node
  linkType: hard

"@types/koa-compose@npm:*":
  version: 3.2.9
  resolution: "@types/koa-compose@npm:3.2.9"
  dependencies:
    "@types/koa": "npm:*"
  checksum: 10c0/d89993ffadac74488cdb2ab0fc519ec43eab5e3e7b8baa37cb7fc5043c86d812c24a179efae1324d5e80c2f7b7ddfbc944df7052cab6ff98daf1df4a084ac348
  languageName: node
  linkType: hard

"@types/koa@npm:*, @types/koa@npm:^2, @types/koa@npm:^2.13.5":
  version: 2.15.0
  resolution: "@types/koa@npm:2.15.0"
  dependencies:
    "@types/accepts": "npm:*"
    "@types/content-disposition": "npm:*"
    "@types/cookies": "npm:*"
    "@types/http-assert": "npm:*"
    "@types/http-errors": "npm:*"
    "@types/keygrip": "npm:*"
    "@types/koa-compose": "npm:*"
    "@types/node": "npm:*"
  checksum: 10c0/3fd591e25ecffc32ffa7cb152d2c5caeccefe5a72cb09d187102d8f41101bdaeeb802a07a6672eac58f805fa59892e79c1cc203ca7b27b0de75d7eac508c2b47
  languageName: node
  linkType: hard

"@types/koa__router@npm:^8":
  version: 8.0.11
  resolution: "@types/koa__router@npm:8.0.11"
  dependencies:
    "@types/koa": "npm:*"
  checksum: 10c0/df08c386274abcd6969def4d606312646d359a22af95559479b2862c48ff6120126a1e5583767648f851d4b0a4bcd60107e4c009d681e1e4238072fbd8907af7
  languageName: node
  linkType: hard

"@types/node@npm:*, @types/node@npm:^25.6.0":
  version: 25.6.0
  resolution: "@types/node@npm:25.6.0"
  dependencies:
    undici-types: "npm:~7.19.0"
  checksum: 10c0/d2d2015630ff098a201407f55f5077a20270ae4f465c739b40865cd9933b91b9c5d2b85568eadaf3db0801b91e267333ca7eb39f007428b173d1cdab4b339ac5
  languageName: node
  linkType: hard

"@types/qs@npm:*":
  version: 6.15.0
  resolution: "@types/qs@npm:6.15.0"
  checksum: 10c0/1b104cac50e655fc41d7fc1de2c2aba2908c4cf833a555b6808fb4c96752662b439238f2392a15d2590a7a6ca75dbd40e42d9378ac2be0d548ee484954363688
  languageName: node
  linkType: hard

"@types/range-parser@npm:*":
  version: 1.2.7
  resolution: "@types/range-parser@npm:1.2.7"
  checksum: 10c0/361bb3e964ec5133fa40644a0b942279ed5df1949f21321d77de79f48b728d39253e5ce0408c9c17e4e0fd95ca7899da36841686393b9f7a1e209916e9381a3c
  languageName: node
  linkType: hard

"@types/send@npm:*":
  version: 1.2.1
  resolution: "@types/send@npm:1.2.1"
  dependencies:
    "@types/node": "npm:*"
  checksum: 10c0/7673747f8c2d8e67f3b1b3b57e9d4d681801a4f7b526ecf09987bb9a84a61cf94aa411c736183884dc762c1c402a61681eb1ef200d8d45d7e5ec0ab67ea5f6c1
  languageName: node
  linkType: hard

"@types/serve-static@npm:^2":
  version: 2.2.0
  resolution: "@types/serve-static@npm:2.2.0"
  dependencies:
    "@types/http-errors": "npm:*"
    "@types/node": "npm:*"
  checksum: 10c0/a3c6126bdbf9685e6c7dc03ad34639666eff32754e912adeed9643bf3dd3aa0ff043002a7f69039306e310d233eb8e160c59308f95b0a619f32366bbc48ee094
  languageName: node
  linkType: hard

"@types/ws@npm:^8.5.10":
  version: 8.18.1
  resolution: "@types/ws@npm:8.18.1"
  dependencies:
    "@types/node": "npm:*"
  checksum: 10c0/61aff1129143fcc4312f083bc9e9e168aa3026b7dd6e70796276dcfb2c8211c4292603f9c4864fae702f2ed86e4abd4d38aa421831c2fd7f856c931a481afbab
  languageName: node
  linkType: hard

"accepts@npm:^1.3.5":
  version: 1.3.8
  resolution: "accepts@npm:1.3.8"
  dependencies:
    mime-types: "npm:~2.1.34"
    negotiator: "npm:0.6.3"
  checksum: 10c0/3a35c5f5586cfb9a21163ca47a5f77ac34fa8ceb5d17d2fa2c0d81f41cbd7f8c6fa52c77e2c039acc0f4d09e71abdc51144246900f6bef5e3c4b333f77d89362
  languageName: node
  linkType: hard

"asap@npm:^2.0.0":
  version: 2.0.6
  resolution: "asap@npm:2.0.6"
  checksum: 10c0/c6d5e39fe1f15e4b87677460bd66b66050cd14c772269cee6688824c1410a08ab20254bb6784f9afb75af9144a9f9a7692d49547f4d19d715aeb7c0318f3136d
  languageName: node
  linkType: hard

"bytes@npm:~3.1.2":
  version: 3.1.2
  resolution: "bytes@npm:3.1.2"
  checksum: 10c0/76d1c43cbd602794ad8ad2ae94095cddeb1de78c5dddaa7005c51af10b0176c69971a6d88e805a90c2b6550d76636e43c40d8427a808b8645ede885de4a0358e
  languageName: node
  linkType: hard

"cache-content-type@npm:^1.0.0":
  version: 1.0.1
  resolution: "cache-content-type@npm:1.0.1"
  dependencies:
    mime-types: "npm:^2.1.18"
    ylru: "npm:^1.2.0"
  checksum: 10c0/59b50e29e64a24bb52a16e5d35b69ad27ef14313701acc5e462b0aeebf2f09ff87fb6538eb0c0f0de4de05c8a1eecaef47f455f5b4928079e68f607f816a0843
  languageName: node
  linkType: hard

"call-bind-apply-helpers@npm:^1.0.1, call-bind-apply-helpers@npm:^1.0.2":
  version: 1.0.2
  resolution: "call-bind-apply-helpers@npm:1.0.2"
  dependencies:
    es-errors: "npm:^1.3.0"
    function-bind: "npm:^1.1.2"
  checksum: 10c0/47bd9901d57b857590431243fea704ff18078b16890a6b3e021e12d279bbf211d039155e27d7566b374d49ee1f8189344bac9833dec7a20cdec370506361c938
  languageName: node
  linkType: hard

"call-bound@npm:^1.0.2, call-bound@npm:^1.0.4":
  version: 1.0.4
  resolution: "call-bound@npm:1.0.4"
  dependencies:
    call-bind-apply-helpers: "npm:^1.0.2"
    get-intrinsic: "npm:^1.3.0"
  checksum: 10c0/f4796a6a0941e71c766aea672f63b72bc61234c4f4964dc6d7606e3664c307e7d77845328a8f3359ce39ddb377fed67318f9ee203dea1d47e46165dcf2917644
  languageName: node
  linkType: hard

"co-body@npm:^6.1.0":
  version: 6.2.0
  resolution: "co-body@npm:6.2.0"
  dependencies:
    "@hapi/bourne": "npm:^3.0.0"
    inflation: "npm:^2.0.0"
    qs: "npm:^6.5.2"
    raw-body: "npm:^2.3.3"
    type-is: "npm:^1.6.16"
  checksum: 10c0/3a320d8b324abc14031243f427d2584cfe8f61562204f1a45d0a08bba20fff7122a04883f4d312ba648fb455246030916cacb92c19c6f7b329aaf1de70045e37
  languageName: node
  linkType: hard

"co@npm:^4.6.0":
  version: 4.6.0
  resolution: "co@npm:4.6.0"
  checksum: 10c0/c0e85ea0ca8bf0a50cbdca82efc5af0301240ca88ebe3644a6ffb8ffe911f34d40f8fbcf8f1d52c5ddd66706abd4d3bfcd64259f1e8e2371d4f47573b0dc8c28
  languageName: node
  linkType: hard

"content-disposition@npm:~0.5.2":
  version: 0.5.4
  resolution: "content-disposition@npm:0.5.4"
  dependencies:
    safe-buffer: "npm:5.2.1"
  checksum: 10c0/bac0316ebfeacb8f381b38285dc691c9939bf0a78b0b7c2d5758acadad242d04783cee5337ba7d12a565a19075af1b3c11c728e1e4946de73c6ff7ce45f3f1bb
  languageName: node
  linkType: hard

"content-type@npm:^1.0.4":
  version: 1.0.5
  resolution: "content-type@npm:1.0.5"
  checksum: 10c0/b76ebed15c000aee4678c3707e0860cb6abd4e680a598c0a26e17f0bfae723ec9cc2802f0ff1bc6e4d80603719010431d2231018373d4dde10f9ccff9dadf5af
  languageName: node
  linkType: hard

"cookies@npm:~0.9.0":
  version: 0.9.1
  resolution: "cookies@npm:0.9.1"
  dependencies:
    depd: "npm:~2.0.0"
    keygrip: "npm:~1.1.0"
  checksum: 10c0/3ffa1c0e992b62ee119adae4dd2ddd4a89166fa5434cd9bd9ff84ec4d2f14dfe2318a601280abfe32a4f64f884ec9345fb1912e488b002d188d2efa0d3919ba3
  languageName: node
  linkType: hard

"cosmokit@npm:^1.6.3, cosmokit@npm:^1.8.1":
  version: 1.8.1
  resolution: "cosmokit@npm:1.8.1"
  checksum: 10c0/56b0294572efc7793d5854b0022243fab9899d0ab6ce7da873839572b4dc8c6d3ba8d6ff5b61231dca2e9d821af73a2be5d502d9ea52af2671374711a93620aa
  languageName: node
  linkType: hard

"debug@npm:^4.1.1, debug@npm:^4.3.2":
  version: 4.4.3
  resolution: "debug@npm:4.4.3"
  dependencies:
    ms: "npm:^2.1.3"
  peerDependenciesMeta:
    supports-color:
      optional: true
  checksum: 10c0/d79136ec6c83ecbefd0f6a5593da6a9c91ec4d7ddc4b54c883d6e71ec9accb5f67a1a5e96d00a328196b5b5c86d365e98d8a3a70856aaf16b4e7b1985e67f5a6
  languageName: node
  linkType: hard

"deep-equal@npm:~1.0.1":
  version: 1.0.1
  resolution: "deep-equal@npm:1.0.1"
  checksum: 10c0/bef838ef9824e124d10335deb9c7540bfc9f2f0eab17ad1bb870d0eee83ee4e7e6f6f892e5eebc2bd82759a76676926ad5246180097e28e57752176ff7dae888
  languageName: node
  linkType: hard

"delegates@npm:^1.0.0":
  version: 1.0.0
  resolution: "delegates@npm:1.0.0"
  checksum: 10c0/ba05874b91148e1db4bf254750c042bf2215febd23a6d3cda2e64896aef79745fbd4b9996488bd3cafb39ce19dbce0fd6e3b6665275638befffe1c9b312b91b5
  languageName: node
  linkType: hard

"depd@npm:^2.0.0, depd@npm:~2.0.0":
  version: 2.0.0
  resolution: "depd@npm:2.0.0"
  checksum: 10c0/58bd06ec20e19529b06f7ad07ddab60e504d9e0faca4bd23079fac2d279c3594334d736508dc350e06e510aba5e22e4594483b3a6562ce7c17dd797f4cc4ad2c
  languageName: node
  linkType: hard

"depd@npm:~1.1.2":
  version: 1.1.2
  resolution: "depd@npm:1.1.2"
  checksum: 10c0/acb24aaf936ef9a227b6be6d495f0d2eb20108a9a6ad40585c5bda1a897031512fef6484e4fdbb80bd249fdaa82841fa1039f416ece03188e677ba11bcfda249
  languageName: node
  linkType: hard

"destroy@npm:^1.0.4":
  version: 1.2.0
  resolution: "destroy@npm:1.2.0"
  checksum: 10c0/bd7633942f57418f5a3b80d5cb53898127bcf53e24cdf5d5f4396be471417671f0fee48a4ebe9a1e9defbde2a31280011af58a57e090ff822f589b443ed4e643
  languageName: node
  linkType: hard

"dezalgo@npm:^1.0.4":
  version: 1.0.4
  resolution: "dezalgo@npm:1.0.4"
  dependencies:
    asap: "npm:^2.0.0"
    wrappy: "npm:1"
  checksum: 10c0/8a870ed42eade9a397e6141fe5c025148a59ed52f1f28b1db5de216b4d57f0af7a257070c3af7ce3d5508c1ce9dd5009028a76f4b2cc9370dc56551d2355fad8
  languageName: node
  linkType: hard

"dunder-proto@npm:^1.0.1":
  version: 1.0.1
  resolution: "dunder-proto@npm:1.0.1"
  dependencies:
    call-bind-apply-helpers: "npm:^1.0.1"
    es-errors: "npm:^1.3.0"
    gopd: "npm:^1.2.0"
  checksum: 10c0/199f2a0c1c16593ca0a145dbf76a962f8033ce3129f01284d48c45ed4e14fea9bbacd7b3610b6cdc33486cef20385ac054948fefc6272fcce645c09468f93031
  languageName: node
  linkType: hard

"ee-first@npm:1.1.1":
  version: 1.1.1
  resolution: "ee-first@npm:1.1.1"
  checksum: 10c0/b5bb125ee93161bc16bfe6e56c6b04de5ad2aa44234d8f644813cc95d861a6910903132b05093706de2b706599367c4130eb6d170f6b46895686b95f87d017b7
  languageName: node
  linkType: hard

"encodeurl@npm:^1.0.2":
  version: 1.0.2
  resolution: "encodeurl@npm:1.0.2"
  checksum: 10c0/f6c2387379a9e7c1156c1c3d4f9cb7bb11cf16dd4c1682e1f6746512564b053df5781029b6061296832b59fb22f459dbe250386d217c2f6e203601abb2ee0bec
  languageName: node
  linkType: hard

"es-define-property@npm:^1.0.1":
  version: 1.0.1
  resolution: "es-define-property@npm:1.0.1"
  checksum: 10c0/3f54eb49c16c18707949ff25a1456728c883e81259f045003499efba399c08bad00deebf65cccde8c0e07908c1a225c9d472b7107e558f2a48e28d530e34527c
  languageName: node
  linkType: hard

"es-errors@npm:^1.3.0":
  version: 1.3.0
  resolution: "es-errors@npm:1.3.0"
  checksum: 10c0/0a61325670072f98d8ae3b914edab3559b6caa980f08054a3b872052640d91da01d38df55df797fcc916389d77fc92b8d5906cf028f4db46d7e3003abecbca85
  languageName: node
  linkType: hard

"es-object-atoms@npm:^1.0.0, es-object-atoms@npm:^1.1.1":
  version: 1.1.1
  resolution: "es-object-atoms@npm:1.1.1"
  dependencies:
    es-errors: "npm:^1.3.0"
  checksum: 10c0/65364812ca4daf48eb76e2a3b7a89b3f6a2e62a1c420766ce9f692665a29d94fe41fe88b65f24106f449859549711e4b40d9fb8002d862dfd7eb1c512d10be0c
  languageName: node
  linkType: hard

"escape-html@npm:^1.0.3":
  version: 1.0.3
  resolution: "escape-html@npm:1.0.3"
  checksum: 10c0/524c739d776b36c3d29fa08a22e03e8824e3b2fd57500e5e44ecf3cc4707c34c60f9ca0781c0e33d191f2991161504c295e98f68c78fe7baa6e57081ec6ac0a3
  languageName: node
  linkType: hard

"formidable@npm:^2.0.1":
  version: 2.1.5
  resolution: "formidable@npm:2.1.5"
  dependencies:
    "@paralleldrive/cuid2": "npm:^2.2.2"
    dezalgo: "npm:^1.0.4"
    once: "npm:^1.4.0"
    qs: "npm:^6.11.0"
  checksum: 10c0/2c68ca6cccc1ac3de497c50236631fafea8e1a09396d88b4dd2dc9db6029b5abaeb6747b8b97ebc1143cd40cf62c27ba485b8c6317088c066fc999af3ac621d4
  languageName: node
  linkType: hard

"fresh@npm:~0.5.2":
  version: 0.5.2
  resolution: "fresh@npm:0.5.2"
  checksum: 10c0/c6d27f3ed86cc5b601404822f31c900dd165ba63fff8152a3ef714e2012e7535027063bc67ded4cb5b3a49fa596495d46cacd9f47d6328459cf570f08b7d9e5a
  languageName: node
  linkType: hard

"function-bind@npm:^1.1.2":
  version: 1.1.2
  resolution: "function-bind@npm:1.1.2"
  checksum: 10c0/d8680ee1e5fcd4c197e4ac33b2b4dce03c71f4d91717292785703db200f5c21f977c568d28061226f9b5900cbcd2c84463646134fd5337e7925e0942bc3f46d5
  languageName: node
  linkType: hard

"generator-function@npm:^2.0.0":
  version: 2.0.1
  resolution: "generator-function@npm:2.0.1"
  checksum: 10c0/8a9f59df0f01cfefafdb3b451b80555e5cf6d76487095db91ac461a0e682e4ff7a9dbce15f4ecec191e53586d59eece01949e05a4b4492879600bbbe8e28d6b8
  languageName: node
  linkType: hard

"get-intrinsic@npm:^1.2.5, get-intrinsic@npm:^1.3.0":
  version: 1.3.0
  resolution: "get-intrinsic@npm:1.3.0"
  dependencies:
    call-bind-apply-helpers: "npm:^1.0.2"
    es-define-property: "npm:^1.0.1"
    es-errors: "npm:^1.3.0"
    es-object-atoms: "npm:^1.1.1"
    function-bind: "npm:^1.1.2"
    get-proto: "npm:^1.0.1"
    gopd: "npm:^1.2.0"
    has-symbols: "npm:^1.1.0"
    hasown: "npm:^2.0.2"
    math-intrinsics: "npm:^1.1.0"
  checksum: 10c0/52c81808af9a8130f581e6a6a83e1ba4a9f703359e7a438d1369a5267a25412322f03dcbd7c549edaef0b6214a0630a28511d7df0130c93cfd380f4fa0b5b66a
  languageName: node
  linkType: hard

"get-proto@npm:^1.0.1":
  version: 1.0.1
  resolution: "get-proto@npm:1.0.1"
  dependencies:
    dunder-proto: "npm:^1.0.1"
    es-object-atoms: "npm:^1.0.0"
  checksum: 10c0/9224acb44603c5526955e83510b9da41baf6ae73f7398875fba50edc5e944223a89c4a72b070fcd78beb5f7bdda58ecb6294adc28f7acfc0da05f76a2399643c
  languageName: node
  linkType: hard

"gopd@npm:^1.2.0":
  version: 1.2.0
  resolution: "gopd@npm:1.2.0"
  checksum: 10c0/50fff1e04ba2b7737c097358534eacadad1e68d24cccee3272e04e007bed008e68d2614f3987788428fd192a5ae3889d08fb2331417e4fc4a9ab366b2043cead
  languageName: node
  linkType: hard

"has-flag@npm:^4.0.0":
  version: 4.0.0
  resolution: "has-flag@npm:4.0.0"
  checksum: 10c0/2e789c61b7888d66993e14e8331449e525ef42aac53c627cc53d1c3334e768bcb6abdc4f5f0de1478a25beec6f0bd62c7549058b7ac53e924040d4f301f02fd1
  languageName: node
  linkType: hard

"has-symbols@npm:^1.0.3, has-symbols@npm:^1.1.0":
  version: 1.1.0
  resolution: "has-symbols@npm:1.1.0"
  checksum: 10c0/dde0a734b17ae51e84b10986e651c664379018d10b91b6b0e9b293eddb32f0f069688c841fb40f19e9611546130153e0a2a48fd7f512891fb000ddfa36f5a20e
  languageName: node
  linkType: hard

"has-tostringtag@npm:^1.0.2":
  version: 1.0.2
  resolution: "has-tostringtag@npm:1.0.2"
  dependencies:
    has-symbols: "npm:^1.0.3"
  checksum: 10c0/a8b166462192bafe3d9b6e420a1d581d93dd867adb61be223a17a8d6dad147aa77a8be32c961bb2f27b3ef893cae8d36f564ab651f5e9b7938ae86f74027c48c
  languageName: node
  linkType: hard

"hasown@npm:^2.0.2":
  version: 2.0.2
  resolution: "hasown@npm:2.0.2"
  dependencies:
    function-bind: "npm:^1.1.2"
  checksum: 10c0/3769d434703b8ac66b209a4cca0737519925bbdb61dd887f93a16372b14694c63ff4e797686d87c90f08168e81082248b9b028bad60d4da9e0d1148766f56eb9
  languageName: node
  linkType: hard

"http-assert@npm:^1.3.0":
  version: 1.5.0
  resolution: "http-assert@npm:1.5.0"
  dependencies:
    deep-equal: "npm:~1.0.1"
    http-errors: "npm:~1.8.0"
  checksum: 10c0/7b4e631114a1a77654f9ba3feb96da305ddbdeb42112fe384b7b3249c7141e460d7177970155bea6e54e655a04850415b744b452c1fe5052eba6f4186d16b095
  languageName: node
  linkType: hard

"http-errors@npm:^1.6.3, http-errors@npm:^1.7.3, http-errors@npm:~1.8.0":
  version: 1.8.1
  resolution: "http-errors@npm:1.8.1"
  dependencies:
    depd: "npm:~1.1.2"
    inherits: "npm:2.0.4"
    setprototypeof: "npm:1.2.0"
    statuses: "npm:>= 1.5.0 < 2"
    toidentifier: "npm:1.0.1"
  checksum: 10c0/f01aeecd76260a6fe7f08e192fcbe9b2f39ed20fc717b852669a69930167053b01790998275c6297d44f435cf0e30edd50c05223d1bec9bc484e6cf35b2d6f43
  languageName: node
  linkType: hard

"http-errors@npm:~2.0.1":
  version: 2.0.1
  resolution: "http-errors@npm:2.0.1"
  dependencies:
    depd: "npm:~2.0.0"
    inherits: "npm:~2.0.4"
    setprototypeof: "npm:~1.2.0"
    statuses: "npm:~2.0.2"
    toidentifier: "npm:~1.0.1"
  checksum: 10c0/fb38906cef4f5c83952d97661fe14dc156cb59fe54812a42cd448fa57b5c5dfcb38a40a916957737bd6b87aab257c0648d63eb5b6a9ca9f548e105b6072712d4
  languageName: node
  linkType: hard

"iconv-lite@npm:~0.4.24":
  version: 0.4.24
  resolution: "iconv-lite@npm:0.4.24"
  dependencies:
    safer-buffer: "npm:>= 2.1.2 < 3"
  checksum: 10c0/c6886a24cc00f2a059767440ec1bc00d334a89f250db8e0f7feb4961c8727118457e27c495ba94d082e51d3baca378726cd110aaf7ded8b9bbfd6a44760cf1d4
  languageName: node
  linkType: hard

"inflation@npm:^2.0.0":
  version: 2.1.0
  resolution: "inflation@npm:2.1.0"
  checksum: 10c0/aadfcb8047a7e00d644e2e195f901dd9d7266c2be2326b7f8f6a99298f14916f1e322d00108a7e2778d6e76a8dc2174ddb9ac14bcdfe4f4866dfd612b695ab5d
  languageName: node
  linkType: hard

"inherits@npm:2.0.4, inherits@npm:~2.0.4":
  version: 2.0.4
  resolution: "inherits@npm:2.0.4"
  checksum: 10c0/4e531f648b29039fb7426fb94075e6545faa1eb9fe83c29f0b6d9e7263aceb4289d2d4557db0d428188eeb449cc7c5e77b0a0b2c4e248ff2a65933a0dee49ef2
  languageName: node
  linkType: hard

"is-generator-function@npm:^1.0.7":
  version: 1.1.2
  resolution: "is-generator-function@npm:1.1.2"
  dependencies:
    call-bound: "npm:^1.0.4"
    generator-function: "npm:^2.0.0"
    get-proto: "npm:^1.0.1"
    has-tostringtag: "npm:^1.0.2"
    safe-regex-test: "npm:^1.1.0"
  checksum: 10c0/83da102e89c3e3b71d67b51d47c9f9bc862bceb58f87201727e27f7fa19d1d90b0ab223644ecaee6fc6e3d2d622bb25c966fbdaf87c59158b01ce7c0fe2fa372
  languageName: node
  linkType: hard

"is-regex@npm:^1.2.1":
  version: 1.2.1
  resolution: "is-regex@npm:1.2.1"
  dependencies:
    call-bound: "npm:^1.0.2"
    gopd: "npm:^1.2.0"
    has-tostringtag: "npm:^1.0.2"
    hasown: "npm:^2.0.2"
  checksum: 10c0/1d3715d2b7889932349241680032e85d0b492cfcb045acb75ffc2c3085e8d561184f1f7e84b6f8321935b4aea39bc9c6ba74ed595b57ce4881a51dfdbc214e04
  languageName: node
  linkType: hard

"keygrip@npm:~1.1.0":
  version: 1.1.0
  resolution: "keygrip@npm:1.1.0"
  dependencies:
    tsscmp: "npm:1.0.6"
  checksum: 10c0/2aceec1a1e642a0caf938044056ed67b1909cfe67a93a59b32aae2863e0f35a1a53782ecc8f9cd0e3bdb60863fa0f401ccbd257cd7dfae61915f78445139edea
  languageName: node
  linkType: hard

"koa-body@npm:^6.0.1":
  version: 6.0.1
  resolution: "koa-body@npm:6.0.1"
  dependencies:
    "@types/co-body": "npm:^6.1.0"
    "@types/formidable": "npm:^2.0.5"
    "@types/koa": "npm:^2.13.5"
    co-body: "npm:^6.1.0"
    formidable: "npm:^2.0.1"
    zod: "npm:^3.19.1"
  checksum: 10c0/5645dd08d2ce54171be35d3acf1764e0b3024660570a55cc2692e2f5f3256043bae136ec2dcab2860cae3be8faab99d5720c8660dec2cdff37d5413053bbcee8
  languageName: node
  linkType: hard

"koa-compose@npm:^4.1.0":
  version: 4.1.0
  resolution: "koa-compose@npm:4.1.0"
  checksum: 10c0/f1f786f994a691931148e7f38f443865bf2702af4a61610d1eea04dab79c04b1232285b59d82a0cf61c830516dd92f10ab0d009b024fcecd4098e7d296ab771a
  languageName: node
  linkType: hard

"koa-convert@npm:^2.0.0":
  version: 2.0.0
  resolution: "koa-convert@npm:2.0.0"
  dependencies:
    co: "npm:^4.6.0"
    koa-compose: "npm:^4.1.0"
  checksum: 10c0/d3e243ceccd11524d5f4942f6ccd828a9b18a1a967c4375192aa9eedf844f790563632839f006732ce8ca720275737c65a3bab344e13b25f41fb2be451ea102c
  languageName: node
  linkType: hard

"koa@npm:^2.15.2":
  version: 2.16.4
  resolution: "koa@npm:2.16.4"
  dependencies:
    accepts: "npm:^1.3.5"
    cache-content-type: "npm:^1.0.0"
    content-disposition: "npm:~0.5.2"
    content-type: "npm:^1.0.4"
    cookies: "npm:~0.9.0"
    debug: "npm:^4.3.2"
    delegates: "npm:^1.0.0"
    depd: "npm:^2.0.0"
    destroy: "npm:^1.0.4"
    encodeurl: "npm:^1.0.2"
    escape-html: "npm:^1.0.3"
    fresh: "npm:~0.5.2"
    http-assert: "npm:^1.3.0"
    http-errors: "npm:^1.6.3"
    is-generator-function: "npm:^1.0.7"
    koa-compose: "npm:^4.1.0"
    koa-convert: "npm:^2.0.0"
    on-finished: "npm:^2.3.0"
    only: "npm:~0.0.2"
    parseurl: "npm:^1.3.2"
    statuses: "npm:^1.5.0"
    type-is: "npm:^1.6.16"
    vary: "npm:^1.1.2"
  checksum: 10c0/bf21ffcf409bf847dca3f60349fc64a3b33e725e0ced3f405192a22fa51b4211cac29748f51df9674df82ca87691b3bdda64bbf80755ba6cdc6b2f35e878b0f5
  languageName: node
  linkType: hard

"koishi-plugin-webhook-trigger-action-image@workspace:.":
  version: 0.0.0-use.local
  resolution: "koishi-plugin-webhook-trigger-action-image@workspace:."
  dependencies:
    "@koishijs/plugin-adapter-onebot": "npm:^6.0.2"
    "@koishijs/plugin-server": "npm:^3.2.3"
    "@napi-rs/canvas": "npm:^0.1.65"
    "@types/node": "npm:^25.6.0"
  peerDependencies:
    koishi: ^4.17.12
  languageName: unknown
  linkType: soft

"math-intrinsics@npm:^1.1.0":
  version: 1.1.0
  resolution: "math-intrinsics@npm:1.1.0"
  checksum: 10c0/7579ff94e899e2f76ab64491d76cf606274c874d8f2af4a442c016bd85688927fcfca157ba6bf74b08e9439dc010b248ce05b96cc7c126a354c3bae7fcb48b7f
  languageName: node
  linkType: hard

"media-typer@npm:0.3.0":
  version: 0.3.0
  resolution: "media-typer@npm:0.3.0"
  checksum: 10c0/d160f31246907e79fed398470285f21bafb45a62869dc469b1c8877f3f064f5eabc4bcc122f9479b8b605bc5c76187d7871cf84c4ee3ecd3e487da1993279928
  languageName: node
  linkType: hard

"methods@npm:^1.1.2":
  version: 1.1.2
  resolution: "methods@npm:1.1.2"
  checksum: 10c0/bdf7cc72ff0a33e3eede03708c08983c4d7a173f91348b4b1e4f47d4cdbf734433ad971e7d1e8c77247d9e5cd8adb81ea4c67b0a2db526b758b2233d7814b8b2
  languageName: node
  linkType: hard

"mime-db@npm:1.52.0":
  version: 1.52.0
  resolution: "mime-db@npm:1.52.0"
  checksum: 10c0/0557a01deebf45ac5f5777fe7740b2a5c309c6d62d40ceab4e23da9f821899ce7a900b7ac8157d4548ddbb7beffe9abc621250e6d182b0397ec7f10c7b91a5aa
  languageName: node
  linkType: hard

"mime-types@npm:^2.1.18, mime-types@npm:~2.1.24, mime-types@npm:~2.1.34":
  version: 2.1.35
  resolution: "mime-types@npm:2.1.35"
  dependencies:
    mime-db: "npm:1.52.0"
  checksum: 10c0/82fb07ec56d8ff1fc999a84f2f217aa46cb6ed1033fefaabd5785b9a974ed225c90dc72fff460259e66b95b73648596dbcc50d51ed69cdf464af2d237d3149b2
  languageName: node
  linkType: hard

"ms@npm:^2.1.3":
  version: 2.1.3
  resolution: "ms@npm:2.1.3"
  checksum: 10c0/d924b57e7312b3b63ad21fc5b3dc0af5e78d61a1fc7cfb5457edaf26326bf62be5307cc87ffb6862ef1c2b33b0233cdb5d4f01c4c958cc0d660948b65a287a48
  languageName: node
  linkType: hard

"negotiator@npm:0.6.3":
  version: 0.6.3
  resolution: "negotiator@npm:0.6.3"
  checksum: 10c0/3ec9fd413e7bf071c937ae60d572bc67155262068ed522cf4b3be5edbe6ddf67d095ec03a3a14ebf8fc8e95f8e1d61be4869db0dbb0de696f6b837358bd43fc2
  languageName: node
  linkType: hard

"object-inspect@npm:^1.13.1, object-inspect@npm:^1.13.3, object-inspect@npm:^1.13.4":
  version: 1.13.4
  resolution: "object-inspect@npm:1.13.4"
  checksum: 10c0/d7f8711e803b96ea3191c745d6f8056ce1f2496e530e6a19a0e92d89b0fa3c76d910c31f0aa270432db6bd3b2f85500a376a83aaba849a8d518c8845b3211692
  languageName: node
  linkType: hard

"on-finished@npm:^2.3.0":
  version: 2.4.1
  resolution: "on-finished@npm:2.4.1"
  dependencies:
    ee-first: "npm:1.1.1"
  checksum: 10c0/46fb11b9063782f2d9968863d9cbba33d77aa13c17f895f56129c274318b86500b22af3a160fe9995aa41317efcd22941b6eba747f718ced08d9a73afdb087b4
  languageName: node
  linkType: hard

"once@npm:^1.4.0":
  version: 1.4.0
  resolution: "once@npm:1.4.0"
  dependencies:
    wrappy: "npm:1"
  checksum: 10c0/5d48aca287dfefabd756621c5dfce5c91a549a93e9fdb7b8246bc4c4790aa2ec17b34a260530474635147aeb631a2dcc8b32c613df0675f96041cbb8244517d0
  languageName: node
  linkType: hard

"only@npm:~0.0.2":
  version: 0.0.2
  resolution: "only@npm:0.0.2"
  checksum: 10c0/d26b1347835a5a9b17afbd889ed60de3d3ae14cdeca5ba008d86e6bf055466a431adc731b82e1e8ab24a3b8be5b5c2cdbc16e652d231d18cc1a5752320aaf0a0
  languageName: node
  linkType: hard

"parseurl@npm:^1.3.2, parseurl@npm:^1.3.3":
  version: 1.3.3
  resolution: "parseurl@npm:1.3.3"
  checksum: 10c0/90dd4760d6f6174adb9f20cf0965ae12e23879b5f5464f38e92fce8073354341e4b3b76fa3d878351efe7d01e617121955284cfd002ab087fba1a0726ec0b4f5
  languageName: node
  linkType: hard

"path-to-regexp@npm:^6.1.0, path-to-regexp@npm:^6.3.0":
  version: 6.3.0
  resolution: "path-to-regexp@npm:6.3.0"
  checksum: 10c0/73b67f4638b41cde56254e6354e46ae3a2ebc08279583f6af3d96fe4664fc75788f74ed0d18ca44fa4a98491b69434f9eee73b97bb5314bd1b5adb700f5c18d6
  languageName: node
  linkType: hard

"qface@npm:^1.4.1":
  version: 1.4.1
  resolution: "qface@npm:1.4.1"
  checksum: 10c0/64f84389b120c3a9b3408eacbedf1eac895ab19abdf4341a8610cdc6eff1b1c92024083b342ea091f2fe897544aefb57bd5a509f4483daeee41403065d7a389c
  languageName: node
  linkType: hard

"qs@npm:^6.11.0, qs@npm:^6.5.2":
  version: 6.15.1
  resolution: "qs@npm:6.15.1"
  dependencies:
    side-channel: "npm:^1.1.0"
  checksum: 10c0/19ee504f0ebff72598503e38cd6d9bd7b52a8ab62ae18b1e6bee3d4db58469bd65871ef1893a881bafb0f80ef2f9ab586e1f255cf25cc8d816c0f5a704721d97
  languageName: node
  linkType: hard

"raw-body@npm:^2.3.3":
  version: 2.5.3
  resolution: "raw-body@npm:2.5.3"
  dependencies:
    bytes: "npm:~3.1.2"
    http-errors: "npm:~2.0.1"
    iconv-lite: "npm:~0.4.24"
    unpipe: "npm:~1.0.0"
  checksum: 10c0/449844344fc90547fb994383a494b83300e4f22199f146a79f68d78a199a8f2a923ea9fd29c3be979bfd50291a3884733619ffc15ba02a32e703b612f8d3f74a
  languageName: node
  linkType: hard

"reggol@npm:^1.7.1":
  version: 1.7.1
  resolution: "reggol@npm:1.7.1"
  dependencies:
    cosmokit: "npm:^1.6.3"
    object-inspect: "npm:^1.13.1"
    supports-color: "npm:^8.1.1"
  checksum: 10c0/8cb82569a5c6f102e217e1b36709b8ecbfee43f6be11f322d2714dc70d3f8fa38f44488fce4943111c4fabc0a5f5d5501b058d342a3c86579d038d379b20fa0c
  languageName: node
  linkType: hard

"safe-buffer@npm:5.2.1":
  version: 5.2.1
  resolution: "safe-buffer@npm:5.2.1"
  checksum: 10c0/6501914237c0a86e9675d4e51d89ca3c21ffd6a31642efeba25ad65720bce6921c9e7e974e5be91a786b25aa058b5303285d3c15dbabf983a919f5f630d349f3
  languageName: node
  linkType: hard

"safe-regex-test@npm:^1.1.0":
  version: 1.1.0
  resolution: "safe-regex-test@npm:1.1.0"
  dependencies:
    call-bound: "npm:^1.0.2"
    es-errors: "npm:^1.3.0"
    is-regex: "npm:^1.2.1"
  checksum: 10c0/f2c25281bbe5d39cddbbce7f86fca5ea9b3ce3354ea6cd7c81c31b006a5a9fff4286acc5450a3b9122c56c33eba69c56b9131ad751457b2b4a585825e6a10665
  languageName: node
  linkType: hard

"safer-buffer@npm:>= 2.1.2 < 3":
  version: 2.1.2
  resolution: "safer-buffer@npm:2.1.2"
  checksum: 10c0/7e3c8b2e88a1841c9671094bbaeebd94448111dd90a81a1f606f3f67708a6ec57763b3b47f06da09fc6054193e0e6709e77325415dc8422b04497a8070fa02d4
  languageName: node
  linkType: hard

"schemastery@npm:^3.17.2":
  version: 3.18.0
  resolution: "schemastery@npm:3.18.0"
  dependencies:
    "@standard-schema/spec": "npm:^1.1.0"
    cosmokit: "npm:^1.8.1"
  checksum: 10c0/2f18f79adbc478e8f90914c3dbb9cf74f6e17a593b32565cbdf6e13cf152bdf0d03fa9f42aed35d27430fec54b0c2bf53b71b8b505ccc80f121cb694095a9513
  languageName: node
  linkType: hard

"setprototypeof@npm:1.2.0, setprototypeof@npm:~1.2.0":
  version: 1.2.0
  resolution: "setprototypeof@npm:1.2.0"
  checksum: 10c0/68733173026766fa0d9ecaeb07f0483f4c2dc70ca376b3b7c40b7cda909f94b0918f6c5ad5ce27a9160bdfb475efaa9d5e705a11d8eaae18f9835d20976028bc
  languageName: node
  linkType: hard

"side-channel-list@npm:^1.0.0":
  version: 1.0.1
  resolution: "side-channel-list@npm:1.0.1"
  dependencies:
    es-errors: "npm:^1.3.0"
    object-inspect: "npm:^1.13.4"
  checksum: 10c0/d346c787fd2f9f1c2fdea14f00e8250118db0e7596d85a6cb9faa75f105d31a73a8f7a341c93d7df2a2429098c3d37a77bd3be9e88c37094b8c01807bc77c7a2
  languageName: node
  linkType: hard

"side-channel-map@npm:^1.0.1":
  version: 1.0.1
  resolution: "side-channel-map@npm:1.0.1"
  dependencies:
    call-bound: "npm:^1.0.2"
    es-errors: "npm:^1.3.0"
    get-intrinsic: "npm:^1.2.5"
    object-inspect: "npm:^1.13.3"
  checksum: 10c0/010584e6444dd8a20b85bc926d934424bd809e1a3af941cace229f7fdcb751aada0fb7164f60c2e22292b7fa3c0ff0bce237081fd4cdbc80de1dc68e95430672
  languageName: node
  linkType: hard

"side-channel-weakmap@npm:^1.0.2":
  version: 1.0.2
  resolution: "side-channel-weakmap@npm:1.0.2"
  dependencies:
    call-bound: "npm:^1.0.2"
    es-errors: "npm:^1.3.0"
    get-intrinsic: "npm:^1.2.5"
    object-inspect: "npm:^1.13.3"
    side-channel-map: "npm:^1.0.1"
  checksum: 10c0/71362709ac233e08807ccd980101c3e2d7efe849edc51455030327b059f6c4d292c237f94dc0685031dd11c07dd17a68afde235d6cf2102d949567f98ab58185
  languageName: node
  linkType: hard

"side-channel@npm:^1.1.0":
  version: 1.1.0
  resolution: "side-channel@npm:1.1.0"
  dependencies:
    es-errors: "npm:^1.3.0"
    object-inspect: "npm:^1.13.3"
    side-channel-list: "npm:^1.0.0"
    side-channel-map: "npm:^1.0.1"
    side-channel-weakmap: "npm:^1.0.2"
  checksum: 10c0/cb20dad41eb032e6c24c0982e1e5a24963a28aa6122b4f05b3f3d6bf8ae7fd5474ef382c8f54a6a3ab86e0cac4d41a23bd64ede3970e5bfb50326ba02a7996e6
  languageName: node
  linkType: hard

"statuses@npm:>= 1.5.0 < 2, statuses@npm:^1.5.0":
  version: 1.5.0
  resolution: "statuses@npm:1.5.0"
  checksum: 10c0/e433900956357b3efd79b1c547da4d291799ac836960c016d10a98f6a810b1b5c0dcc13b5a7aa609a58239b5190e1ea176ad9221c2157d2fd1c747393e6b2940
  languageName: node
  linkType: hard

"statuses@npm:~2.0.2":
  version: 2.0.2
  resolution: "statuses@npm:2.0.2"
  checksum: 10c0/a9947d98ad60d01f6b26727570f3bcceb6c8fa789da64fe6889908fe2e294d57503b14bf2b5af7605c2d36647259e856635cd4c49eab41667658ec9d0080ec3f
  languageName: node
  linkType: hard

"supports-color@npm:^8.1.1":
  version: 8.1.1
  resolution: "supports-color@npm:8.1.1"
  dependencies:
    has-flag: "npm:^4.0.0"
  checksum: 10c0/ea1d3c275dd604c974670f63943ed9bd83623edc102430c05adb8efc56ba492746b6e95386e7831b872ec3807fd89dd8eb43f735195f37b5ec343e4234cc7e89
  languageName: node
  linkType: hard

"toidentifier@npm:1.0.1, toidentifier@npm:~1.0.1":
  version: 1.0.1
  resolution: "toidentifier@npm:1.0.1"
  checksum: 10c0/93937279934bd66cc3270016dd8d0afec14fb7c94a05c72dc57321f8bd1fa97e5bea6d1f7c89e728d077ca31ea125b78320a616a6c6cd0e6b9cb94cb864381c1
  languageName: node
  linkType: hard

"tsscmp@npm:1.0.6":
  version: 1.0.6
  resolution: "tsscmp@npm:1.0.6"
  checksum: 10c0/2f79a9455e7e3e8071995f98cdf3487ccfc91b760bec21a9abb4d90519557eafaa37246e87c92fa8bf3fef8fd30cfd0cc3c4212bb929baa9fb62494bfa4d24b2
  languageName: node
  linkType: hard

"type-is@npm:^1.6.16":
  version: 1.6.18
  resolution: "type-is@npm:1.6.18"
  dependencies:
    media-typer: "npm:0.3.0"
    mime-types: "npm:~2.1.24"
  checksum: 10c0/a23daeb538591b7efbd61ecf06b6feb2501b683ffdc9a19c74ef5baba362b4347e42f1b4ed81f5882a8c96a3bfff7f93ce3ffaf0cbbc879b532b04c97a55db9d
  languageName: node
  linkType: hard

"undici-types@npm:~7.19.0":
  version: 7.19.2
  resolution: "undici-types@npm:7.19.2"
  checksum: 10c0/7159f10546f9f6c47d36776bb1bbf8671e87c1e587a6fee84ae1f111ae8de4f914efa8ca0dfcd224f4f4a9dfc3f6028f627ccb5ddaccf82d7fd54671b89fac3e
  languageName: node
  linkType: hard

"unpipe@npm:~1.0.0":
  version: 1.0.0
  resolution: "unpipe@npm:1.0.0"
  checksum: 10c0/193400255bd48968e5c5383730344fbb4fa114cdedfab26e329e50dd2d81b134244bb8a72c6ac1b10ab0281a58b363d06405632c9d49ca9dfd5e90cbd7d0f32c
  languageName: node
  linkType: hard

"vary@npm:^1.1.2":
  version: 1.1.2
  resolution: "vary@npm:1.1.2"
  checksum: 10c0/f15d588d79f3675135ba783c91a4083dcd290a2a5be9fcb6514220a1634e23df116847b1cc51f66bfb0644cf9353b2abb7815ae499bab06e46dd33c1a6bf1f4f
  languageName: node
  linkType: hard

"wrappy@npm:1":
  version: 1.0.2
  resolution: "wrappy@npm:1.0.2"
  checksum: 10c0/56fece1a4018c6a6c8e28fbc88c87e0fbf4ea8fd64fc6c63b18f4acc4bd13e0ad2515189786dd2c30d3eec9663d70f4ecf699330002f8ccb547e4a18231fc9f0
  languageName: node
  linkType: hard

"ws@npm:^8.16.0":
  version: 8.20.0
  resolution: "ws@npm:8.20.0"
  peerDependencies:
    bufferutil: ^4.0.1
    utf-8-validate: ">=5.0.2"
  peerDependenciesMeta:
    bufferutil:
      optional: true
    utf-8-validate:
      optional: true
  checksum: 10c0/956ac5f11738c914089b65878b9223692ace77337ba55379ae68e1ecbeae9b47a0c6eb9403688f609999a58c80d83d99865fe0029b229d308b08c1ef93d4ea14
  languageName: node
  linkType: hard

"ylru@npm:^1.2.0":
  version: 1.4.0
  resolution: "ylru@npm:1.4.0"
  checksum: 10c0/eaadc38ed6d78d4fda49abed45cfdaf149bd334df761dbeadd3cff62936d25ffa94571f84c25b64a9a4b5efd8f489ee6fee3eaaf8e7b2886418a3bcb9ec84b84
  languageName: node
  linkType: hard

"zod@npm:^3.19.1":
  version: 3.25.76
  resolution: "zod@npm:3.25.76"
  checksum: 10c0/5718ec35e3c40b600316c5b4c5e4976f7fee68151bc8f8d90ec18a469be9571f072e1bbaace10f1e85cf8892ea12d90821b200e980ab46916a6166a4260a983c
  languageName: node
  linkType: hard
